{
  "name": "karaoke-sala-privada",
  "lockfileVersion": 3,
  "requires": true,
  "packages": {
    "": {
      "name": "karaoke-sala-privada",
      "hasInstallScript": true,
      "dependencies": {
        "@soundtouchjs/audio-worklet": "^2.0.3"
      }
    },
    "node_modules/@soundtouchjs/audio-worklet": {
      "version": "2.0.3",
      "resolved": "https://registry.npmjs.org/@soundtouchjs/audio-worklet/-/audio-worklet-2.0.3.tgz",
      "integrity": "sha512-lx85tUfHVp+uFyrsMm7EXQb9W/8Icectt/b8rE23l1W/wcHJCd0/mtguen+bRJg7sVE/KbXSWtQr4IZBHzkPfQ==",
      "license": "MPL-2.0",
      "dependencies": {
        "@soundtouchjs/core": "2.0.3",
        "@soundtouchjs/interpolation-strategy-lanczos": "2.0.3",
        "@soundtouchjs/worklet-base": "2.0.3"
      }
    },
    "node_modules/@soundtouchjs/core": {
      "version": "2.0.3",
      "resolved": "https://registry.npmjs.org/@soundtouchjs/core/-/core-2.0.3.tgz",
      "integrity": "sha512-dNlV/HP7HERm8/FCYLiWivlb3V9rrkFEUMPhazznkPd8EhsRDhewfd3r3QCW2YopOgZygukkhD+vjnTMMpQvVw==",
      "license": "MPL-2.0",
      "dependencies": {
        "@soundtouchjs/interpolation-strategy-lanczos": "2.0.3"
      }
    },
    "node_modules/@soundtouchjs/interpolation-strategy-lanczos": {
      "version": "2.0.3",
      "resolved": "https://registry.npmjs.org/@soundtouchjs/interpolation-strategy-lanczos/-/interpolation-strategy-lanczos-2.0.3.tgz",
      "integrity": "sha512-o20uWwvlCiQ2gB6nE2i4Tl9KsAHOoZoo+0rrBKbervg7cb1SDWgmBOdoL3bsL2Dvm8d6xeE6ufIf6caYCsYWhw==",
      "license": "MPL-2.0"
    },
    "node_modules/@soundtouchjs/worklet-base": {
      "version": "2.0.3",
      "resolved": "https://registry.npmjs.org/@soundtouchjs/worklet-base/-/worklet-base-2.0.3.tgz",
      "integrity": "sha512-nnS7l1XuvmesbZP1GNkT5uZL1q6PcP2gPsqC/yH+7oit6s5mdfaBvp3hzSEaP1rsRca6vxVoOV4GnO3wWiVfEA==",
      "license": "MPL-2.0",
      "dependencies": {
        "@soundtouchjs/core": "2.0.3"
      }
    }
  }
}
